
Microsoft Visual Studio Solution File, Format Version 12.00
# Visual Studio 15
VisualStudioVersion = 15.0.27130.2010
MinimumVisualStudioVersion = 10.0.40219.1
Project("{FAE04EC0-301F-11D3-BF4B-00C04F79EFBC}") = "Bringly.UI", "Bringly.UI\Bringly.UI.csproj", "{A493F426-E4B2-4132-975C-266D31600D57}"
	ProjectSection(ProjectDependencies) = postProject
		{3A394B06-21BC-4937-89EA-9BF16C267B9B} = {3A394B06-21BC-4937-89EA-9BF16C267B9B}
		{185B6735-8C69-40C2-B28E-8AA8486BD928} = {185B6735-8C69-40C2-B28E-8AA8486BD928}
		{506A8AB9-1AFF-4795-8EAB-E541F9EB9557} = {506A8AB9-1AFF-4795-8EAB-E541F9EB9557}
		{581DD4CF-BDA7-4A04-AAA0-8F5BCCA20D79} = {581DD4CF-BDA7-4A04-AAA0-8F5BCCA20D79}
	EndProjectSection
EndProject
Project("{2150E333-8FDC-42A3-9474-1A3956D46DE8}") = "Presentation Layer", "Presentation Layer", "{792CE9AA-26C2-40E7-B7D1-98321C911608}"
EndProject
Project("{FAE04EC0-301F-11D3-BF4B-00C04F79EFBC}") = "Bringly.Domain", "Bringly.Domain\Bringly.Domain.csproj", "{F9F5A96A-55D0-4A78-9744-93468F6AF8C6}"
EndProject
Project("{2150E333-8FDC-42A3-9474-1A3956D46DE8}") = "Domain Layer", "Domain Layer", "{8EE9FAEC-3CC1-44F7-B2CB-AF06AE3911E1}"
EndProject
Project("{FAE04EC0-301F-11D3-BF4B-00C04F79EFBC}") = "Bringly.DomainLogic", "Bringly.DomainLogic\Bringly.DomainLogic.csproj", "{1CF07906-A8E3-42A2-86F7-AE9809D7AE44}"
EndProject
Project("{2150E333-8FDC-42A3-9474-1A3956D46DE8}") = "Data Access Layer", "Data Access Layer", "{30A39C54-777C-490C-98D6-1BB9B3308A81}"
EndProject
Project("{2150E333-8FDC-42A3-9474-1A3956D46DE8}") = "Utilities and External Interface Libraries", "Utilities and External Interface Libraries", "{B211514B-7610-4AF2-9D1C-81F45BB6E117}"
EndProject
Project("{FAE04EC0-301F-11D3-BF4B-00C04F79EFBC}") = "Utilities.ErrorLog", "Utilities.ErrorLog\Utilities.ErrorLog.csproj", "{2A771DB4-24BC-4E84-BDCC-1A1D3C85E201}"
EndProject
Project("{FAE04EC0-301F-11D3-BF4B-00C04F79EFBC}") = "Utilities.Conversion", "Utilities.Conversion\Utilities.Conversion.csproj", "{96169320-2D28-41DB-8F89-4A3081F72043}"
EndProject
Project("{FAE04EC0-301F-11D3-BF4B-00C04F79EFBC}") = "Utilities.Helper", "Utilities.Helper\Utilities.Helper.csproj", "{56F24718-5196-4A7C-AEC8-FE937EBEF81D}"
EndProject
Project("{FAE04EC0-301F-11D3-BF4B-00C04F79EFBC}") = "Bringly.Data", "Bringly.Data\Bringly.Data.csproj", "{506A8AB9-1AFF-4795-8EAB-E541F9EB9557}"
EndProject
Project("{2150E333-8FDC-42A3-9474-1A3956D46DE8}") = "Admin", "Admin", "{D036ED1C-A0A2-48ED-A6D6-0D04DE30CFEC}"
EndProject
Project("{2150E333-8FDC-42A3-9474-1A3956D46DE8}") = "DomainLayer", "DomainLayer", "{D856EA4D-D7C9-4FF7-9C34-BDB2334FD08F}"
EndProject
Project("{2150E333-8FDC-42A3-9474-1A3956D46DE8}") = "PresentationLayer", "PresentationLayer", "{586C6397-A0A9-4E83-9A96-091C23F548E2}"
EndProject
Project("{FAE04EC0-301F-11D3-BF4B-00C04F79EFBC}") = "Bringly.Admin", "Bringly.Admin\Bringly.Admin.csproj", "{581DD4CF-BDA7-4A04-AAA0-8F5BCCA20D79}"
EndProject
Project("{FAE04EC0-301F-11D3-BF4B-00C04F79EFBC}") = "Bringly.AdminDomain", "Bringly.AdminDomain\Bringly.AdminDomain.csproj", "{185B6735-8C69-40C2-B28E-8AA8486BD928}"
EndProject
Project("{FAE04EC0-301F-11D3-BF4B-00C04F79EFBC}") = "Bringly.AdminDomainLogic", "Bringly.AdminDomainLogic\Bringly.AdminDomainLogic.csproj", "{3A394B06-21BC-4937-89EA-9BF16C267B9B}"
EndProject
Global
	GlobalSection(SolutionConfigurationPlatforms) = preSolution
		Debug|Any CPU = Debug|Any CPU
		Debug|ARM = Debug|ARM
		Debug|x64 = Debug|x64
		Debug|x86 = Debug|x86
		Release|Any CPU = Release|Any CPU
		Release|ARM = Release|ARM
		Release|x64 = Release|x64
		Release|x86 = Release|x86
	EndGlobalSection
	GlobalSection(ProjectConfigurationPlatforms) = postSolution
		{A493F426-E4B2-4132-975C-266D31600D57}.Debug|Any CPU.ActiveCfg = Debug|Any CPU
		{A493F426-E4B2-4132-975C-266D31600D57}.Debug|Any CPU.Build.0 = Debug|Any CPU
		{A493F426-E4B2-4132-975C-266D31600D57}.Debug|ARM.ActiveCfg = Debug|Any CPU
		{A493F426-E4B2-4132-975C-266D31600D57}.Debug|ARM.Build.0 = Debug|Any CPU
		{A493F426-E4B2-4132-975C-266D31600D57}.Debug|x64.ActiveCfg = Debug|Any CPU
		{A493F426-E4B2-4132-975C-266D31600D57}.Debug|x64.Build.0 = Debug|Any CPU
		{A493F426-E4B2-4132-975C-266D31600D57}.Debug|x86.ActiveCfg = Debug|Any CPU
		{A493F426-E4B2-4132-975C-266D31600D57}.Debug|x86.Build.0 = Debug|Any CPU
		{A493F426-E4B2-4132-975C-266D31600D57}.Release|Any CPU.ActiveCfg = Release|Any CPU
		{A493F426-E4B2-4132-975C-266D31600D57}.Release|Any CPU.Build.0 = Release|Any CPU
		{A493F426-E4B2-4132-975C-266D31600D57}.Release|ARM.ActiveCfg = Release|Any CPU
		{A493F426-E4B2-4132-975C-266D31600D57}.Release|ARM.Build.0 = Release|Any CPU
		{A493F426-E4B2-4132-975C-266D31600D57}.Release|x64.ActiveCfg = Release|Any CPU
		{A493F426-E4B2-4132-975C-266D31600D57}.Release|x64.Build.0 = Release|Any CPU
		{A493F426-E4B2-4132-975C-266D31600D57}.Release|x86.ActiveCfg = Release|Any CPU
		{A493F426-E4B2-4132-975C-266D31600D57}.Release|x86.Build.0 = Release|Any CPU
		{F9F5A96A-55D0-4A78-9744-93468F6AF8C6}.Debug|Any CPU.ActiveCfg = Debug|Any CPU
		{F9F5A96A-55D0-4A78-9744-93468F6AF8C6}.Debug|Any CPU.Build.0 = Debug|Any CPU
		{F9F5A96A-55D0-4A78-9744-93468F6AF8C6}.Debug|ARM.ActiveCfg = Debug|Any CPU
		{F9F5A96A-55D0-4A78-9744-93468F6AF8C6}.Debug|ARM.Build.0 = Debug|Any CPU
		{F9F5A96A-55D0-4A78-9744-93468F6AF8C6}.Debug|x64.ActiveCfg = Debug|Any CPU
		{F9F5A96A-55D0-4A78-9744-93468F6AF8C6}.Debug|x64.Build.0 = Debug|Any CPU
		{F9F5A96A-55D0-4A78-9744-93468F6AF8C6}.Debug|x86.ActiveCfg = Debug|Any CPU
		{F9F5A96A-55D0-4A78-9744-93468F6AF8C6}.Debug|x86.Build.0 = Debug|Any CPU
		{F9F5A96A-55D0-4A78-9744-93468F6AF8C6}.Release|Any CPU.ActiveCfg = Release|Any CPU
		{F9F5A96A-55D0-4A78-9744-93468F6AF8C6}.Release|Any CPU.Build.0 = Release|Any CPU
		{F9F5A96A-55D0-4A78-9744-93468F6AF8C6}.Release|ARM.ActiveCfg = Release|Any CPU
		{F9F5A96A-55D0-4A78-9744-93468F6AF8C6}.Release|ARM.Build.0 = Release|Any CPU
		{F9F5A96A-55D0-4A78-9744-93468F6AF8C6}.Release|x64.ActiveCfg = Release|Any CPU
		{F9F5A96A-55D0-4A78-9744-93468F6AF8C6}.Release|x64.Build.0 = Release|Any CPU
		{F9F5A96A-55D0-4A78-9744-93468F6AF8C6}.Release|x86.ActiveCfg = Release|Any CPU
		{F9F5A96A-55D0-4A78-9744-93468F6AF8C6}.Release|x86.Build.0 = Release|Any CPU
		{1CF07906-A8E3-42A2-86F7-AE9809D7AE44}.Debug|Any CPU.ActiveCfg = Debug|Any CPU
		{1CF07906-A8E3-42A2-86F7-AE9809D7AE44}.Debug|Any CPU.Build.0 = Debug|Any CPU
		{1CF07906-A8E3-42A2-86F7-AE9809D7AE44}.Debug|ARM.ActiveCfg = Debug|Any CPU
		{1CF07906-A8E3-42A2-86F7-AE9809D7AE44}.Debug|ARM.Build.0 = Debug|Any CPU
		{1CF07906-A8E3-42A2-86F7-AE9809D7AE44}.Debug|x64.ActiveCfg = Debug|Any CPU
		{1CF07906-A8E3-42A2-86F7-AE9809D7AE44}.Debug|x64.Build.0 = Debug|Any CPU
		{1CF07906-A8E3-42A2-86F7-AE9809D7AE44}.Debug|x86.ActiveCfg = Debug|Any CPU
		{1CF07906-A8E3-42A2-86F7-AE9809D7AE44}.Debug|x86.Build.0 = Debug|Any CPU
		{1CF07906-A8E3-42A2-86F7-AE9809D7AE44}.Release|Any CPU.ActiveCfg = Release|Any CPU
		{1CF07906-A8E3-42A2-86F7-AE9809D7AE44}.Release|Any CPU.Build.0 = Release|Any CPU
		{1CF07906-A8E3-42A2-86F7-AE9809D7AE44}.Release|ARM.ActiveCfg = Release|Any CPU
		{1CF07906-A8E3-42A2-86F7-AE9809D7AE44}.Release|ARM.Build.0 = Release|Any CPU
		{1CF07906-A8E3-42A2-86F7-AE9809D7AE44}.Release|x64.ActiveCfg = Release|Any CPU
		{1CF07906-A8E3-42A2-86F7-AE9809D7AE44}.Release|x64.Build.0 = Release|Any CPU
		{1CF07906-A8E3-42A2-86F7-AE9809D7AE44}.Release|x86.ActiveCfg = Release|Any CPU
		{1CF07906-A8E3-42A2-86F7-AE9809D7AE44}.Release|x86.Build.0 = Release|Any CPU
		{2A771DB4-24BC-4E84-BDCC-1A1D3C85E201}.Debug|Any CPU.ActiveCfg = Debug|Any CPU
		{2A771DB4-24BC-4E84-BDCC-1A1D3C85E201}.Debug|Any CPU.Build.0 = Debug|Any CPU
		{2A771DB4-24BC-4E84-BDCC-1A1D3C85E201}.Debug|ARM.ActiveCfg = Debug|Any CPU
		{2A771DB4-24BC-4E84-BDCC-1A1D3C85E201}.Debug|ARM.Build.0 = Debug|Any CPU
		{2A771DB4-24BC-4E84-BDCC-1A1D3C85E201}.Debug|x64.ActiveCfg = Debug|Any CPU
		{2A771DB4-24BC-4E84-BDCC-1A1D3C85E201}.Debug|x64.Build.0 = Debug|Any CPU
		{2A771DB4-24BC-4E84-BDCC-1A1D3C85E201}.Debug|x86.ActiveCfg = Debug|Any CPU
		{2A771DB4-24BC-4E84-BDCC-1A1D3C85E201}.Debug|x86.Build.0 = Debug|Any CPU
		{2A771DB4-24BC-4E84-BDCC-1A1D3C85E201}.Release|Any CPU.ActiveCfg = Release|Any CPU
		{2A771DB4-24BC-4E84-BDCC-1A1D3C85E201}.Release|Any CPU.Build.0 = Release|Any CPU
		{2A771DB4-24BC-4E84-BDCC-1A1D3C85E201}.Release|ARM.ActiveCfg = Release|Any CPU
		{2A771DB4-24BC-4E84-BDCC-1A1D3C85E201}.Release|ARM.Build.0 = Release|Any CPU
		{2A771DB4-24BC-4E84-BDCC-1A1D3C85E201}.Release|x64.ActiveCfg = Release|Any CPU
		{2A771DB4-24BC-4E84-BDCC-1A1D3C85E201}.Release|x64.Build.0 = Release|Any CPU
		{2A771DB4-24BC-4E84-BDCC-1A1D3C85E201}.Release|x86.ActiveCfg = Release|Any CPU
		{2A771DB4-24BC-4E84-BDCC-1A1D3C85E201}.Release|x86.Build.0 = Release|Any CPU
		{96169320-2D28-41DB-8F89-4A3081F72043}.Debug|Any CPU.ActiveCfg = Debug|Any CPU
		{96169320-2D28-41DB-8F89-4A3081F72043}.Debug|Any CPU.Build.0 = Debug|Any CPU
		{96169320-2D28-41DB-8F89-4A3081F72043}.Debug|ARM.ActiveCfg = Debug|Any CPU
		{96169320-2D28-41DB-8F89-4A3081F72043}.Debug|ARM.Build.0 = Debug|Any CPU
		{96169320-2D28-41DB-8F89-4A3081F72043}.Debug|x64.ActiveCfg = Debug|Any CPU
		{96169320-2D28-41DB-8F89-4A3081F72043}.Debug|x64.Build.0 = Debug|Any CPU
		{96169320-2D28-41DB-8F89-4A3081F72043}.Debug|x86.ActiveCfg = Debug|Any CPU
		{96169320-2D28-41DB-8F89-4A3081F72043}.Debug|x86.Build.0 = Debug|Any CPU
		{96169320-2D28-41DB-8F89-4A3081F72043}.Release|Any CPU.ActiveCfg = Release|Any CPU
		{96169320-2D28-41DB-8F89-4A3081F72043}.Release|Any CPU.Build.0 = Release|Any CPU
		{96169320-2D28-41DB-8F89-4A3081F72043}.Release|ARM.ActiveCfg = Release|Any CPU
		{96169320-2D28-41DB-8F89-4A3081F72043}.Release|ARM.Build.0 = Release|Any CPU
		{96169320-2D28-41DB-8F89-4A3081F72043}.Release|x64.ActiveCfg = Release|Any CPU
		{96169320-2D28-41DB-8F89-4A3081F72043}.Release|x64.Build.0 = Release|Any CPU
		{96169320-2D28-41DB-8F89-4A3081F72043}.Release|x86.ActiveCfg = Release|Any CPU
		{96169320-2D28-41DB-8F89-4A3081F72043}.Release|x86.Build.0 = Release|Any CPU
		{56F24718-5196-4A7C-AEC8-FE937EBEF81D}.Debug|Any CPU.ActiveCfg = Debug|Any CPU
		{56F24718-5196-4A7C-AEC8-FE937EBEF81D}.Debug|Any CPU.Build.0 = Debug|Any CPU
		{56F24718-5196-4A7C-AEC8-FE937EBEF81D}.Debug|ARM.ActiveCfg = Debug|Any CPU
		{56F24718-5196-4A7C-AEC8-FE937EBEF81D}.Debug|ARM.Build.0 = Debug|Any CPU
		{56F24718-5196-4A7C-AEC8-FE937EBEF81D}.Debug|x64.ActiveCfg = Debug|Any CPU
		{56F24718-5196-4A7C-AEC8-FE937EBEF81D}.Debug|x64.Build.0 = Debug|Any CPU
		{56F24718-5196-4A7C-AEC8-FE937EBEF81D}.Debug|x86.ActiveCfg = Debug|Any CPU
		{56F24718-5196-4A7C-AEC8-FE937EBEF81D}.Debug|x86.Build.0 = Debug|Any CPU
		{56F24718-5196-4A7C-AEC8-FE937EBEF81D}.Release|Any CPU.ActiveCfg = Release|Any CPU
		{56F24718-5196-4A7C-AEC8-FE937EBEF81D}.Release|Any CPU.Build.0 = Release|Any CPU
		{56F24718-5196-4A7C-AEC8-FE937EBEF81D}.Release|ARM.ActiveCfg = Release|Any CPU
		{56F24718-5196-4A7C-AEC8-FE937EBEF81D}.Release|ARM.Build.0 = Release|Any CPU
		{56F24718-5196-4A7C-AEC8-FE937EBEF81D}.Release|x64.ActiveCfg = Release|Any CPU
		{56F24718-5196-4A7C-AEC8-FE937EBEF81D}.Release|x64.Build.0 = Release|Any CPU
		{56F24718-5196-4A7C-AEC8-FE937EBEF81D}.Release|x86.ActiveCfg = Release|Any CPU
		{56F24718-5196-4A7C-AEC8-FE937EBEF81D}.Release|x86.Build.0 = Release|Any CPU
		{506A8AB9-1AFF-4795-8EAB-E541F9EB9557}.Debug|Any CPU.ActiveCfg = Debug|Any CPU
		{506A8AB9-1AFF-4795-8EAB-E541F9EB9557}.Debug|Any CPU.Build.0 = Debug|Any CPU
		{506A8AB9-1AFF-4795-8EAB-E541F9EB9557}.Debug|ARM.ActiveCfg = Debug|Any CPU
		{506A8AB9-1AFF-4795-8EAB-E541F9EB9557}.Debug|ARM.Build.0 = Debug|Any CPU
		{506A8AB9-1AFF-4795-8EAB-E541F9EB9557}.Debug|x64.ActiveCfg = Debug|Any CPU
		{506A8AB9-1AFF-4795-8EAB-E541F9EB9557}.Debug|x64.Build.0 = Debug|Any CPU
		{506A8AB9-1AFF-4795-8EAB-E541F9EB9557}.Debug|x86.ActiveCfg = Debug|Any CPU
		{506A8AB9-1AFF-4795-8EAB-E541F9EB9557}.Debug|x86.Build.0 = Debug|Any CPU
		{506A8AB9-1AFF-4795-8EAB-E541F9EB9557}.Release|Any CPU.ActiveCfg = Release|Any CPU
		{506A8AB9-1AFF-4795-8EAB-E541F9EB9557}.Release|Any CPU.Build.0 = Release|Any CPU
		{506A8AB9-1AFF-4795-8EAB-E541F9EB9557}.Release|ARM.ActiveCfg = Release|Any CPU
		{506A8AB9-1AFF-4795-8EAB-E541F9EB9557}.Release|ARM.Build.0 = Release|Any CPU
		{506A8AB9-1AFF-4795-8EAB-E541F9EB9557}.Release|x64.ActiveCfg = Release|Any CPU
		{506A8AB9-1AFF-4795-8EAB-E541F9EB9557}.Release|x64.Build.0 = Release|Any CPU
		{506A8AB9-1AFF-4795-8EAB-E541F9EB9557}.Release|x86.ActiveCfg = Release|Any CPU
		{506A8AB9-1AFF-4795-8EAB-E541F9EB9557}.Release|x86.Build.0 = Release|Any CPU
		{581DD4CF-BDA7-4A04-AAA0-8F5BCCA20D79}.Debug|Any CPU.ActiveCfg = Debug|Any CPU
		{581DD4CF-BDA7-4A04-AAA0-8F5BCCA20D79}.Debug|Any CPU.Build.0 = Debug|Any CPU
		{581DD4CF-BDA7-4A04-AAA0-8F5BCCA20D79}.Debug|ARM.ActiveCfg = Debug|Any CPU
		{581DD4CF-BDA7-4A04-AAA0-8F5BCCA20D79}.Debug|ARM.Build.0 = Debug|Any CPU
		{581DD4CF-BDA7-4A04-AAA0-8F5BCCA20D79}.Debug|x64.ActiveCfg = Debug|Any CPU
		{581DD4CF-BDA7-4A04-AAA0-8F5BCCA20D79}.Debug|x64.Build.0 = Debug|Any CPU
		{581DD4CF-BDA7-4A04-AAA0-8F5BCCA20D79}.Debug|x86.ActiveCfg = Debug|Any CPU
		{581DD4CF-BDA7-4A04-AAA0-8F5BCCA20D79}.Debug|x86.Build.0 = Debug|Any CPU
		{581DD4CF-BDA7-4A04-AAA0-8F5BCCA20D79}.Release|Any CPU.ActiveCfg = Release|Any CPU
		{581DD4CF-BDA7-4A04-AAA0-8F5BCCA20D79}.Release|Any CPU.Build.0 = Release|Any CPU
		{581DD4CF-BDA7-4A04-AAA0-8F5BCCA20D79}.Release|ARM.ActiveCfg = Release|Any CPU
		{581DD4CF-BDA7-4A04-AAA0-8F5BCCA20D79}.Release|ARM.Build.0 = Release|Any CPU
		{581DD4CF-BDA7-4A04-AAA0-8F5BCCA20D79}.Release|x64.ActiveCfg = Release|Any CPU
		{581DD4CF-BDA7-4A04-AAA0-8F5BCCA20D79}.Release|x64.Build.0 = Release|Any CPU
		{581DD4CF-BDA7-4A04-AAA0-8F5BCCA20D79}.Release|x86.ActiveCfg = Release|Any CPU
		{581DD4CF-BDA7-4A04-AAA0-8F5BCCA20D79}.Release|x86.Build.0 = Release|Any CPU
		{185B6735-8C69-40C2-B28E-8AA8486BD928}.Debug|Any CPU.ActiveCfg = Debug|Any CPU
		{185B6735-8C69-40C2-B28E-8AA8486BD928}.Debug|Any CPU.Build.0 = Debug|Any CPU
		{185B6735-8C69-40C2-B28E-8AA8486BD928}.Debug|ARM.ActiveCfg = Debug|Any CPU
		{185B6735-8C69-40C2-B28E-8AA8486BD928}.Debug|ARM.Build.0 = Debug|Any CPU
		{185B6735-8C69-40C2-B28E-8AA8486BD928}.Debug|x64.ActiveCfg = Debug|Any CPU
		{185B6735-8C69-40C2-B28E-8AA8486BD928}.Debug|x64.Build.0 = Debug|Any CPU
		{185B6735-8C69-40C2-B28E-8AA8486BD928}.Debug|x86.ActiveCfg = Debug|Any CPU
		{185B6735-8C69-40C2-B28E-8AA8486BD928}.Debug|x86.Build.0 = Debug|Any CPU
		{185B6735-8C69-40C2-B28E-8AA8486BD928}.Release|Any CPU.ActiveCfg = Release|Any CPU
		{185B6735-8C69-40C2-B28E-8AA8486BD928}.Release|Any CPU.Build.0 = Release|Any CPU
		{185B6735-8C69-40C2-B28E-8AA8486BD928}.Release|ARM.ActiveCfg = Release|Any CPU
		{185B6735-8C69-40C2-B28E-8AA8486BD928}.Release|ARM.Build.0 = Release|Any CPU
		{185B6735-8C69-40C2-B28E-8AA8486BD928}.Release|x64.ActiveCfg = Release|Any CPU
		{185B6735-8C69-40C2-B28E-8AA8486BD928}.Release|x64.Build.0 = Release|Any CPU
		{185B6735-8C69-40C2-B28E-8AA8486BD928}.Release|x86.ActiveCfg = Release|Any CPU
		{185B6735-8C69-40C2-B28E-8AA8486BD928}.Release|x86.Build.0 = Release|Any CPU
		{3A394B06-21BC-4937-89EA-9BF16C267B9B}.Debug|Any CPU.ActiveCfg = Debug|Any CPU
		{3A394B06-21BC-4937-89EA-9BF16C267B9B}.Debug|Any CPU.Build.0 = Debug|Any CPU
		{3A394B06-21BC-4937-89EA-9BF16C267B9B}.Debug|ARM.ActiveCfg = Debug|Any CPU
		{3A394B06-21BC-4937-89EA-9BF16C267B9B}.Debug|ARM.Build.0 = Debug|Any CPU
		{3A394B06-21BC-4937-89EA-9BF16C267B9B}.Debug|x64.ActiveCfg = Debug|Any CPU
		{3A394B06-21BC-4937-89EA-9BF16C267B9B}.Debug|x64.Build.0 = Debug|Any CPU
		{3A394B06-21BC-4937-89EA-9BF16C267B9B}.Debug|x86.ActiveCfg = Debug|Any CPU
		{3A394B06-21BC-4937-89EA-9BF16C267B9B}.Debug|x86.Build.0 = Debug|Any CPU
		{3A394B06-21BC-4937-89EA-9BF16C267B9B}.Release|Any CPU.ActiveCfg = Release|Any CPU
		{3A394B06-21BC-4937-89EA-9BF16C267B9B}.Release|Any CPU.Build.0 = Release|Any CPU
		{3A394B06-21BC-4937-89EA-9BF16C267B9B}.Release|ARM.ActiveCfg = Release|Any CPU
		{3A394B06-21BC-4937-89EA-9BF16C267B9B}.Release|ARM.Build.0 = Release|Any CPU
		{3A394B06-21BC-4937-89EA-9BF16C267B9B}.Release|x64.ActiveCfg = Release|Any CPU
		{3A394B06-21BC-4937-89EA-9BF16C267B9B}.Release|x64.Build.0 = Release|Any CPU
		{3A394B06-21BC-4937-89EA-9BF16C267B9B}.Release|x86.ActiveCfg = Release|Any CPU
		{3A394B06-21BC-4937-89EA-9BF16C267B9B}.Release|x86.Build.0 = Release|Any CPU
	EndGlobalSection
	GlobalSection(SolutionProperties) = preSolution
		HideSolutionNode = FALSE
	EndGlobalSection
	GlobalSection(NestedProjects) = preSolution
		{A493F426-E4B2-4132-975C-266D31600D57} = {792CE9AA-26C2-40E7-B7D1-98321C911608}
		{F9F5A96A-55D0-4A78-9744-93468F6AF8C6} = {8EE9FAEC-3CC1-44F7-B2CB-AF06AE3911E1}
		{1CF07906-A8E3-42A2-86F7-AE9809D7AE44} = {8EE9FAEC-3CC1-44F7-B2CB-AF06AE3911E1}
		{2A771DB4-24BC-4E84-BDCC-1A1D3C85E201} = {B211514B-7610-4AF2-9D1C-81F45BB6E117}
		{96169320-2D28-41DB-8F89-4A3081F72043} = {B211514B-7610-4AF2-9D1C-81F45BB6E117}
		{56F24718-5196-4A7C-AEC8-FE937EBEF81D} = {B211514B-7610-4AF2-9D1C-81F45BB6E117}
		{506A8AB9-1AFF-4795-8EAB-E541F9EB9557} = {30A39C54-777C-490C-98D6-1BB9B3308A81}
		{D856EA4D-D7C9-4FF7-9C34-BDB2334FD08F} = {D036ED1C-A0A2-48ED-A6D6-0D04DE30CFEC}
		{586C6397-A0A9-4E83-9A96-091C23F548E2} = {D036ED1C-A0A2-48ED-A6D6-0D04DE30CFEC}
		{581DD4CF-BDA7-4A04-AAA0-8F5BCCA20D79} = {586C6397-A0A9-4E83-9A96-091C23F548E2}
		{185B6735-8C69-40C2-B28E-8AA8486BD928} = {D856EA4D-D7C9-4FF7-9C34-BDB2334FD08F}
		{3A394B06-21BC-4937-89EA-9BF16C267B9B} = {D856EA4D-D7C9-4FF7-9C34-BDB2334FD08F}
	EndGlobalSection
	GlobalSection(ExtensibilityGlobals) = postSolution
		SolutionGuid = {BD1D4D21-5E52-43BA-9032-97DE142C74A8}
	EndGlobalSection
EndGlobal
